{
  "version": 4,
  "terraform_version": "1.14.3",
  "serial": 27,
  "lineage": "a35a19f1-7c6c-d3c7-04a2-e2cbc1ee980b",
  "outputs": {
    "route53_nameservers": {
      "value": [
        "ns-1534.awsdns-63.org",
        "ns-1601.awsdns-08.co.uk",
        "ns-450.awsdns-56.com",
        "ns-680.awsdns-21.net"
      ],
      "type": [
        "list",
        "string"
      ]
    },
    "service_urls": {
      "value": {
        "credentials": "https://pilots.t-mining.ma-de.be/credentials",
        "dashboard": "https://pilots.t-mining.ma-de.be/dashboard",
        "data": "https://pilots.t-mining.ma-de.be/data",
        "did-api": "https://pilots.t-mining.ma-de.be/did-api",
        "did-server": "https://pilots.t-mining.ma-de.be/did-server",
        "dsp": "https://pilots.t-mining.ma-de.be/dsp"
      },
      "type": [
        "object",
        {
          "credentials": "string",
          "dashboard": "string",
          "data": "string",
          "did-api": "string",
          "did-server": "string",
          "dsp": "string"
        }
      ]
    }
  },
  "resources": [
    {
      "mode": "data",
      "type": "aws_subnets",
      "name": "default",
      "provider": "provider[\"registry.terraform.io/hashicorp/aws\"]",
      "instances": [
        {
          "schema_version": 0,
          "attributes": {
            "filter": [
              {
                "name": "vpc-id",
                "values": [
                  "vpc-0556cc42ac2b13ebc"
                ]
              }
            ],
            "id": "eu-west-3",
            "ids": [
              "subnet-0cc09a4fb65c43a5b",
              "subnet-0f4dda19527d52dc4",
              "subnet-00201a559daf549ac"
            ],
            "region": "eu-west-3",
            "tags": null,
            "timeouts": null
          },
          "sensitive_attributes": [],
          "identity_schema_version": 0
        }
      ]
    },
    {
      "mode": "data",
      "type": "aws_vpc",
      "name": "default",
      "provider": "provider[\"registry.terraform.io/hashicorp/aws\"]",
      "instances": [
        {
          "schema_version": 0,
          "attributes": {
            "arn": "arn:aws:ec2:eu-west-3:749957794341:vpc/vpc-0556cc42ac2b13ebc",
            "cidr_block": "172.31.0.0/16",
            "cidr_block_associations": [
              {
                "association_id": "vpc-cidr-assoc-0f23f2d517b6b9f39",
                "cidr_block": "172.31.0.0/16",
                "state": "associated"
              }
            ],
            "default": true,
            "dhcp_options_id": "dopt-036ac63a3e6301c1f",
            "enable_dns_hostnames": true,
            "enable_dns_support": true,
            "enable_network_address_usage_metrics": false,
            "filter": null,
            "id": "vpc-0556cc42ac2b13ebc",
            "instance_tenancy": "default",
            "ipv6_association_id": "",
            "ipv6_cidr_block": "",
            "main_route_table_id": "rtb-0af0e7c8b9b040af9",
            "owner_id": "749957794341",
            "region": "eu-west-3",
            "state": null,
            "tags": {},
            "timeouts": null
          },
          "sensitive_attributes": [],
          "identity_schema_version": 0
        }
      ]
    },
    {
      "mode": "managed",
      "type": "aws_acm_certificate",
      "name": "wildcard",
      "provider": "provider[\"registry.terraform.io/hashicorp/aws\"]",
      "instances": [
        {
          "schema_version": 0,
          "attributes": {
            "arn": "arn:aws:acm:eu-west-3:749957794341:certificate/eeaf9f6b-6fcb-4b84-8020-6650d2131e8e",
            "certificate_authority_arn": "",
            "certificate_body": null,
            "certificate_chain": null,
            "domain_name": "pilots.t-mining.ma-de.be",
            "domain_validation_options": [
              {
                "domain_name": "*.dev.pilots.t-mining.ma-de.be",
                "resource_record_name": "_f640f4eb7b833361535ac9554b42e94f.dev.pilots.t-mining.ma-de.be.",
                "resource_record_type": "CNAME",
                "resource_record_value": "_55d1297110c130a4942e15c105835f3c.jkddzztszm.acm-validations.aws."
              },
              {
                "domain_name": "*.pilots.t-mining.ma-de.be",
                "resource_record_name": "_fc0d5cfaa6e5ecf008e6f38f372145dd.pilots.t-mining.ma-de.be.",
                "resource_record_type": "CNAME",
                "resource_record_value": "_ec71e41d07f20f49930f8ae55f9bd45c.jkddzztszm.acm-validations.aws."
              },
              {
                "domain_name": "pilots.t-mining.ma-de.be",
                "resource_record_name": "_fc0d5cfaa6e5ecf008e6f38f372145dd.pilots.t-mining.ma-de.be.",
                "resource_record_type": "CNAME",
                "resource_record_value": "_ec71e41d07f20f49930f8ae55f9bd45c.jkddzztszm.acm-validations.aws."
              }
            ],
            "early_renewal_duration": "",
            "id": "arn:aws:acm:eu-west-3:749957794341:certificate/eeaf9f6b-6fcb-4b84-8020-6650d2131e8e",
            "key_algorithm": "RSA_2048",
            "not_after": "",
            "not_before": "",
            "options": [
              {
                "certificate_transparency_logging_preference": "ENABLED",
                "export": "DISABLED"
              }
            ],
            "pending_renewal": false,
            "private_key": null,
            "region": "eu-west-3",
            "renewal_eligibility": "INELIGIBLE",
            "renewal_summary": [],
            "status": "PENDING_VALIDATION",
            "subject_alternative_names": [
              "*.dev.pilots.t-mining.ma-de.be",
              "*.pilots.t-mining.ma-de.be",
              "pilots.t-mining.ma-de.be"
            ],
            "tags": {
              "Environment": "dev"
            },
            "tags_all": {
              "Environment": "dev"
            },
            "type": "AMAZON_ISSUED",
            "validation_emails": [],
            "validation_method": "DNS",
            "validation_option": []
          },
          "sensitive_attributes": [
            [
              {
                "type": "get_attr",
                "value": "private_key"
              }
            ]
          ],
          "identity_schema_version": 0,
          "identity": {
            "arn": "arn:aws:acm:eu-west-3:749957794341:certificate/eeaf9f6b-6fcb-4b84-8020-6650d2131e8e"
          },
          "private": "bnVsbA==",
          "create_before_destroy": true
        }
      ]
    },
    {
      "mode": "managed",
      "type": "aws_cloudwatch_log_group",
      "name": "ecs",
      "provider": "provider[\"registry.terraform.io/hashicorp/aws\"]",
      "instances": [
        {
          "schema_version": 0,
          "attributes": {
            "arn": "arn:aws:logs:eu-west-3:749957794341:log-group:/ecs/pilots-dev",
            "deletion_protection_enabled": false,
            "id": "/ecs/pilots-dev",
            "kms_key_id": "",
            "log_group_class": "STANDARD",
            "name": "/ecs/pilots-dev",
            "name_prefix": "",
            "region": "eu-west-3",
            "retention_in_days": 30,
            "skip_destroy": false,
            "tags": null,
            "tags_all": {}
          },
          "sensitive_attributes": [],
          "identity_schema_version": 0,
          "identity": {
            "account_id": "749957794341",
            "name": "/ecs/pilots-dev",
            "region": "eu-west-3"
          },
          "private": "bnVsbA=="
        }
      ]
    },
    {
      "mode": "managed",
      "type": "aws_ecs_cluster",
      "name": "pilots",
      "provider": "provider[\"registry.terraform.io/hashicorp/aws\"]",
      "instances": [
        {
          "schema_version": 0,
          "attributes": {
            "arn": "arn:aws:ecs:eu-west-3:749957794341:cluster/pilots-connector-dev",
            "configuration": [],
            "id": "arn:aws:ecs:eu-west-3:749957794341:cluster/pilots-connector-dev",
            "name": "pilots-connector-dev",
            "region": "eu-west-3",
            "service_connect_defaults": [],
            "setting": [
              {
                "name": "containerInsights",
                "value": "enabled"
              }
            ],
            "tags": null,
            "tags_all": {}
          },
          "sensitive_attributes": [],
          "identity_schema_version": 0,
          "private": "bnVsbA=="
        }
      ]
    },
    {
      "mode": "managed",
      "type": "aws_ecs_task_definition",
      "name": "services",
      "provider": "provider[\"registry.terraform.io/hashicorp/aws\"]",
      "instances": [
        {
          "index_key": "controlplane",
          "schema_version": 1,
          "attributes": {
            "arn": "arn:aws:ecs:eu-west-3:749957794341:task-definition/pilots-controlplane-dev:1",
            "arn_without_revision": "arn:aws:ecs:eu-west-3:749957794341:task-definition/pilots-controlplane-dev",
            "container_definitions": "[{\"command\":[\"sh\",\"-c\",\"unset WEB_HTTP_PORT WEB_HTTP_PATH \u0026\u0026 printf '%s\\n' \\\"$CONTROLPLANE_CONFIG\\\" \u003e /tmp/controlplane-connector.properties \u0026\u0026 exec java -Djava.security.egd=file:/dev/urandom -Dedc.fs.config=/tmp/controlplane-connector.properties -jar edc-controlplane.jar\"],\"environment\":[{\"name\":\"CONTROLPLANE_CONFIG\",\"value\":\"# identity\\nedc.participant.id=did:web:pilots.t-mining.ma-de.be%3A7093\\nedc.hostname=pilots.t-mining.ma-de.be\\n\\n# Base listener (explicit to avoid port conflicts)\\nweb.http.port=18181\\nweb.http.path=/api\\n\\n# Management API\\nweb.http.management.port=19193\\nweb.http.management.path=/management\\nedc.api.auth.key=password\\n\\n# Dataspace Protocol API\\nweb.http.protocol.port=19194\\nweb.http.protocol.path=/protocol\\nedc.dsp.callback.address=https://pilots.t-mining.ma-de.be/dsp/protocol\\n\\n# Control API (internal)\\nweb.http.control.port=19192\\nweb.http.control.path=/control\\n\\n# DCP / Identity\\nedc.iam.issuer.id=did:web:pilots.t-mining.ma-de.be%3A7093\\nedc.iam.did.web.use.https=true\\nedc.iam.sts.privatekey.alias=did:web:pilots.t-mining.ma-de.be%3A7093-alias\\nedc.iam.sts.publickey.id=did:web:pilots.t-mining.ma-de.be%3A7093#key-1\\nedc.iam.sts.oauth.client.id=did:web:pilots.t-mining.ma-de.be%3A7093\\nedc.iam.sts.oauth.client.secret.alias=did:web:pilots.t-mining.ma-de.be%3A7093-sts-client-secret\\nedc.iam.sts.oauth.token.url=http://identityhub.pilots.internal:7096/api/sts/token\\n\\n# PostgreSQL persistence\\nedc.sql.schema.autocreate=true\\nedc.datasource.default.url=jdbc:postgresql://postgres.pilots.internal:5432/controlplane\\nedc.datasource.default.user=edc\\nedc.datasource.default.password=edc\\n\\n# HashiCorp Vault\\nedc.vault.hashicorp.url=http://vault.pilots.internal:8200\\nedc.vault.hashicorp.token=root-token\\n\"}],\"essential\":true,\"image\":\"ghcr.io/pilots-community/pilots-dataspace/controlplane:latest\",\"logConfiguration\":{\"logDriver\":\"awslogs\",\"options\":{\"awslogs-stream-prefix\":\"controlplane\",\"awslogs-group\":\"/ecs/pilots-dev\",\"awslogs-region\":\"eu-west-3\"}},\"mountPoints\":[],\"name\":\"controlplane\",\"portMappings\":[{\"containerPort\":19194,\"hostPort\":19194,\"protocol\":\"tcp\"}],\"repositoryCredentials\":{\"credentialsParameter\":\"arn:aws:secretsmanager:eu-west-3:749957794341:secret:pilots-ghcr-credentials-qe2za2\"},\"systemControls\":[],\"volumesFrom\":[]}]",
            "cpu": "256",
            "enable_fault_injection": false,
            "ephemeral_storage": [],
            "execution_role_arn": "arn:aws:iam::749957794341:role/pilots-ecs-task-execution-dev",
            "family": "pilots-controlplane-dev",
            "id": "pilots-controlplane-dev",
            "ipc_mode": "",
            "memory": "512",
            "network_mode": "awsvpc",
            "pid_mode": "",
            "placement_constraints": [],
            "proxy_configuration": [],
            "region": "eu-west-3",
            "requires_compatibilities": [
              "FARGATE"
            ],
            "revision": 1,
            "runtime_platform": [],
            "skip_destroy": false,
            "tags": null,
            "tags_all": {},
            "task_role_arn": "arn:aws:iam::749957794341:role/pilots-ecs-task-execution-dev",
            "track_latest": false,
            "volume": []
          },
          "sensitive_attributes": [],
          "identity_schema_version": 0,
          "private": "eyJzY2hlbWFfdmVyc2lvbiI6IjEifQ==",
          "dependencies": [
            "aws_cloudwatch_log_group.ecs",
            "aws_efs_access_point.postgres_data",
            "aws_efs_file_system.pilots",
            "aws_iam_role.ecs_task_execution"
          ]
        },
        {
          "index_key": "dashboard",
          "schema_version": 1,
          "attributes": {
            "arn": "arn:aws:ecs:eu-west-3:749957794341:task-definition/pilots-dashboard-dev:1",
            "arn_without_revision": "arn:aws:ecs:eu-west-3:749957794341:task-definition/pilots-dashboard-dev",
            "container_definitions": "[{\"environment\":[],\"essential\":true,\"image\":\"ghcr.io/pilots-community/pilots-dataspace/dashboard:latest\",\"logConfiguration\":{\"logDriver\":\"awslogs\",\"options\":{\"awslogs-region\":\"eu-west-3\",\"awslogs-stream-prefix\":\"dashboard\",\"awslogs-group\":\"/ecs/pilots-dev\"}},\"mountPoints\":[],\"name\":\"dashboard\",\"portMappings\":[{\"containerPort\":80,\"hostPort\":80,\"protocol\":\"tcp\"}],\"repositoryCredentials\":{\"credentialsParameter\":\"arn:aws:secretsmanager:eu-west-3:749957794341:secret:pilots-ghcr-credentials-qe2za2\"},\"systemControls\":[],\"volumesFrom\":[]}]",
            "cpu": "256",
            "enable_fault_injection": false,
            "ephemeral_storage": [],
            "execution_role_arn": "arn:aws:iam::749957794341:role/pilots-ecs-task-execution-dev",
            "family": "pilots-dashboard-dev",
            "id": "pilots-dashboard-dev",
            "ipc_mode": "",
            "memory": "512",
            "network_mode": "awsvpc",
            "pid_mode": "",
            "placement_constraints": [],
            "proxy_configuration": [],
            "region": "eu-west-3",
            "requires_compatibilities": [
              "FARGATE"
            ],
            "revision": 1,
            "runtime_platform": [],
            "skip_destroy": false,
            "tags": null,
            "tags_all": {},
            "task_role_arn": "arn:aws:iam::749957794341:role/pilots-ecs-task-execution-dev",
            "track_latest": false,
            "volume": []
          },
          "sensitive_attributes": [],
          "identity_schema_version": 0,
          "private": "eyJzY2hlbWFfdmVyc2lvbiI6IjEifQ==",
          "dependencies": [
            "aws_cloudwatch_log_group.ecs",
            "aws_efs_access_point.postgres_data",
            "aws_efs_file_system.pilots",
            "aws_iam_role.ecs_task_execution"
          ]
        },
        {
          "index_key": "dataplane",
          "schema_version": 1,
          "attributes": {
            "arn": "arn:aws:ecs:eu-west-3:749957794341:task-definition/pilots-dataplane-dev:1",
            "arn_without_revision": "arn:aws:ecs:eu-west-3:749957794341:task-definition/pilots-dataplane-dev",
            "container_definitions": "[{\"command\":[\"sh\",\"-c\",\"unset WEB_HTTP_PORT WEB_HTTP_PATH \u0026\u0026 printf '%s\\n' \\\"$DATAPLANE_CONFIG\\\" \u003e /tmp/dataplane-connector.properties \u0026\u0026 printf '%s\\n' \\\"$PRIVATE_KEY_PEM\\\" \u003e /tmp/private-key.pem \u0026\u0026 printf '%s\\n' \\\"$PUBLIC_KEY_PEM\\\" \u003e /tmp/public-key.pem \u0026\u0026 exec java -Djava.security.egd=file:/dev/urandom -Dedc.fs.config=/tmp/dataplane-connector.properties -jar edc-dataplane.jar\"],\"environment\":[{\"name\":\"DATAPLANE_CONFIG\",\"value\":\"edc.participant.id=connector\\nedc.hostname=pilots.t-mining.ma-de.be\\n\\n# Base listener (THIS is the one that defaulted to 8181)\\nweb.http.port=38181\\nweb.http.path=/api\\n\\n# Data plane control API\\nweb.http.control.port=38182\\nweb.http.control.path=/control\\n\\n# Data plane public API\\nweb.http.public.port=38185\\nweb.http.public.path=/public\\n\\n# selector is on controlplane management context (we confirmed v3 works there)\\nedc.dpf.selector.url=http://controlplane.pilots.internal:19192/control/v1/dataplanes\\nedc.api.auth.key=password\\n\\n# transfer proxy token keys\\nedc.transfer.proxy.token.signer.privatekey.alias=private-key\\nedc.transfer.proxy.token.verifier.publickey.alias=public-key\\nedc.transfer.proxy.token.signer.privatekey.path=/tmp/private-key.pem\\nedc.transfer.proxy.token.verifier.publickey.path=/tmp/public-key.pem\\n\\nedc.dataplane.api.public.baseurl=https://pilots.t-mining.ma-de.be/data/public\\n\\n# PostgreSQL persistence\\nedc.sql.schema.autocreate=true\\nedc.datasource.default.url=jdbc:postgresql://postgres.pilots.internal:5432/dataplane\\nedc.datasource.default.user=edc\\nedc.datasource.default.password=edc\\n\\n# HashiCorp Vault\\nedc.vault.hashicorp.url=http://vault.pilots.internal:8200\\nedc.vault.hashicorp.token=root-token\\n\"},{\"name\":\"PRIVATE_KEY_PEM\",\"value\":\"-----BEGIN PRIVATE KEY-----\\nMIGHAgEAMBMGByqGSM49AgEGCCqGSM49AwEHBG0wawIBAQQg0Ttc9PcCD4HFmK/u\\nvmbjLLvAAGP7My4vssrPMo816RihRANCAATSw8dND1tlnpQaenBkvfbhLYUbbPyJ\\n+oRCFWKve8UO6/lzMTnfDJfYPNppoMj7AXB1XOmqRYTyYluwxAznAb08\\n-----END PRIVATE KEY-----\"},{\"name\":\"PUBLIC_KEY_PEM\",\"value\":\"-----BEGIN PUBLIC KEY-----\\nMFkwEwYHKoZIzj0CAQYIKoZIzj0DAQcDQgAE0sPHTQ9bZZ6UGnpwZL324S2FG2z8\\nifqEQhVir3vFDuv5czE53wyX2DzaaaDI+wFwdVzpqkWE8mJbsMQM5wG9PA==\\n-----END PUBLIC KEY-----\"}],\"essential\":true,\"image\":\"ghcr.io/pilots-community/pilots-dataspace/dataplane:latest\",\"logConfiguration\":{\"logDriver\":\"awslogs\",\"options\":{\"awslogs-region\":\"eu-west-3\",\"awslogs-stream-prefix\":\"dataplane\",\"awslogs-group\":\"/ecs/pilots-dev\"}},\"mountPoints\":[],\"name\":\"dataplane\",\"portMappings\":[{\"containerPort\":38185,\"hostPort\":38185,\"protocol\":\"tcp\"}],\"repositoryCredentials\":{\"credentialsParameter\":\"arn:aws:secretsmanager:eu-west-3:749957794341:secret:pilots-ghcr-credentials-qe2za2\"},\"systemControls\":[],\"volumesFrom\":[]}]",
            "cpu": "256",
            "enable_fault_injection": false,
            "ephemeral_storage": [],
            "execution_role_arn": "arn:aws:iam::749957794341:role/pilots-ecs-task-execution-dev",
            "family": "pilots-dataplane-dev",
            "id": "pilots-dataplane-dev",
            "ipc_mode": "",
            "memory": "512",
            "network_mode": "awsvpc",
            "pid_mode": "",
            "placement_constraints": [],
            "proxy_configuration": [],
            "region": "eu-west-3",
            "requires_compatibilities": [
              "FARGATE"
            ],
            "revision": 1,
            "runtime_platform": [],
            "skip_destroy": false,
            "tags": null,
            "tags_all": {},
            "task_role_arn": "arn:aws:iam::749957794341:role/pilots-ecs-task-execution-dev",
            "track_latest": false,
            "volume": []
          },
          "sensitive_attributes": [],
          "identity_schema_version": 0,
          "private": "eyJzY2hlbWFfdmVyc2lvbiI6IjEifQ==",
          "dependencies": [
            "aws_cloudwatch_log_group.ecs",
            "aws_efs_access_point.postgres_data",
            "aws_efs_file_system.pilots",
            "aws_iam_role.ecs_task_execution"
          ]
        },
        {
          "index_key": "did-server",
          "schema_version": 1,
          "attributes": {
            "arn": "arn:aws:ecs:eu-west-3:749957794341:task-definition/pilots-did-server-dev:1",
            "arn_without_revision": "arn:aws:ecs:eu-west-3:749957794341:task-definition/pilots-did-server-dev",
            "container_definitions": "[{\"command\":[\"sh\",\"-c\",\"mkdir -p /usr/share/nginx/html/.well-known \u0026\u0026 printf '%s\\n' \\\"$NGINX_CONF\\\" \u003e /etc/nginx/conf.d/default.conf \u0026\u0026 printf '%s\\n' \\\"$ISSUER_DID_JSON\\\" \u003e /usr/share/nginx/html/.well-known/did.json \u0026\u0026 exec nginx -g 'daemon off;'\"],\"environment\":[{\"name\":\"ISSUER_DID_JSON\",\"value\":\"{\\n  \\\"@context\\\": [\\n    \\\"https://www.w3.org/ns/did/v1\\\",\\n    \\\"https://w3id.org/security/suites/jws-2020/v1\\\"\\n  ],\\n  \\\"id\\\": \\\"did:web:did-server%3A9876\\\",\\n  \\\"verificationMethod\\\": [\\n    {\\n      \\\"id\\\": \\\"did:web:did-server%3A9876#issuer-key-1\\\",\\n      \\\"type\\\": \\\"JsonWebKey2020\\\",\\n      \\\"controller\\\": \\\"did:web:did-server%3A9876\\\",\\n      \\\"publicKeyJwk\\\": {\\n        \\\"kty\\\": \\\"EC\\\",\\n        \\\"crv\\\": \\\"P-256\\\",\\n        \\\"x\\\": \\\"FUoRUcEgqN7ayMITC-MsniHYEzayWypf11lMjPEctCg\\\",\\n        \\\"y\\\": \\\"-Qwhyl4tNke7RLGvjRr9rdFaCJ6qzF7BAOIYZDlgoV0\\\",\\n        \\\"kid\\\": \\\"issuer-key-1\\\"\\n      }\\n    }\\n  ],\\n  \\\"authentication\\\": [\\n    \\\"did:web:did-server%3A9876#issuer-key-1\\\"\\n  ],\\n  \\\"assertionMethod\\\": [\\n    \\\"did:web:did-server%3A9876#issuer-key-1\\\"\\n  ]\\n}\"},{\"name\":\"NGINX_CONF\",\"value\":\"server {\\n    listen 9876;\\n    server_name _;\\n\\n    location /.well-known/did.json {\\n        root /usr/share/nginx/html;\\n        default_type application/json;\\n        add_header Access-Control-Allow-Origin *;\\n    }\\n}\"}],\"essential\":true,\"image\":\"nginx:alpine\",\"logConfiguration\":{\"logDriver\":\"awslogs\",\"options\":{\"awslogs-group\":\"/ecs/pilots-dev\",\"awslogs-region\":\"eu-west-3\",\"awslogs-stream-prefix\":\"did-server\"}},\"mountPoints\":[],\"name\":\"did-server\",\"portMappings\":[{\"containerPort\":9876,\"hostPort\":9876,\"protocol\":\"tcp\"}],\"systemControls\":[],\"volumesFrom\":[]}]",
            "cpu": "256",
            "enable_fault_injection": false,
            "ephemeral_storage": [],
            "execution_role_arn": "arn:aws:iam::749957794341:role/pilots-ecs-task-execution-dev",
            "family": "pilots-did-server-dev",
            "id": "pilots-did-server-dev",
            "ipc_mode": "",
            "memory": "512",
            "network_mode": "awsvpc",
            "pid_mode": "",
            "placement_constraints": [],
            "proxy_configuration": [],
            "region": "eu-west-3",
            "requires_compatibilities": [
              "FARGATE"
            ],
            "revision": 1,
            "runtime_platform": [],
            "skip_destroy": false,
            "tags": null,
            "tags_all": {},
            "task_role_arn": "arn:aws:iam::749957794341:role/pilots-ecs-task-execution-dev",
            "track_latest": false,
            "volume": []
          },
          "sensitive_attributes": [],
          "identity_schema_version": 0,
          "private": "eyJzY2hlbWFfdmVyc2lvbiI6IjEifQ==",
          "dependencies": [
            "aws_cloudwatch_log_group.ecs",
            "aws_efs_access_point.postgres_data",
            "aws_efs_file_system.pilots",
            "aws_iam_role.ecs_task_execution"
          ]
        },
        {
          "index_key": "identityhub",
          "schema_version": 1,
          "attributes": {
            "arn": "arn:aws:ecs:eu-west-3:749957794341:task-definition/pilots-identityhub-dev:1",
            "arn_without_revision": "arn:aws:ecs:eu-west-3:749957794341:task-definition/pilots-identityhub-dev",
            "container_definitions": "[{\"command\":[\"sh\",\"-c\",\"printf '%s\\n' \\\"$IDENTITYHUB_CONFIG\\\" \u003e /tmp/identityhub-connector.properties \u0026\u0026 exec java -Djava.security.egd=file:/dev/urandom -Dedc.fs.config=/tmp/identityhub-connector.properties -jar identityhub.jar\"],\"environment\":[{\"name\":\"IDENTITYHUB_CONFIG\",\"value\":\"# Base listener\\nweb.http.port=7090\\nweb.http.path=/api\\n\\n# Credentials API\\nweb.http.credentials.port=7091\\nweb.http.credentials.path=/api/credentials\\n\\n# Identity API (participant management)\\nweb.http.identity.port=7092\\nweb.http.identity.path=/api/identity\\n\\n# DID API (did:web resolution endpoint)\\nweb.http.did.port=7093\\nweb.http.did.path=/\\n\\n# Version API\\nweb.http.version.port=7095\\nweb.http.version.path=/api/version\\n\\n# STS API (embedded)\\nweb.http.sts.port=7096\\nweb.http.sts.path=/api/sts\\n\\n# DID Web\\nedc.iam.did.web.use.https=true\\nedc.hostname=pilots.t-mining.ma-de.be\\n\\n# STS key aliases (seeded by did-example-resolver)\\nedc.iam.sts.privatekey.alias=did:web:pilots.t-mining.ma-de.be%3A7093-alias\\nedc.iam.sts.publickey.id=did:web:pilots.t-mining.ma-de.be%3A7093#key-1\\n\\n# Super-user seed config\\nedc.ih.api.superuser.key=c3VwZXItdXNlcg==.superuser-token\\n\\n# PostgreSQL persistence\\nedc.sql.schema.autocreate=true\\nedc.datasource.default.url=jdbc:postgresql://postgres.pilots.internal:5432/identityhub\\nedc.datasource.default.user=edc\\nedc.datasource.default.password=edc\\n\\n# HashiCorp Vault\\nedc.vault.hashicorp.url=http://vault.pilots.internal:8200\\nedc.vault.hashicorp.token=root-token\\n\"}],\"essential\":true,\"image\":\"ghcr.io/pilots-community/pilots-dataspace/identityhub:latest\",\"logConfiguration\":{\"logDriver\":\"awslogs\",\"options\":{\"awslogs-stream-prefix\":\"identityhub\",\"awslogs-group\":\"/ecs/pilots-dev\",\"awslogs-region\":\"eu-west-3\"}},\"mountPoints\":[],\"name\":\"identityhub\",\"portMappings\":[{\"containerPort\":7091,\"hostPort\":7091,\"protocol\":\"tcp\"}],\"repositoryCredentials\":{\"credentialsParameter\":\"arn:aws:secretsmanager:eu-west-3:749957794341:secret:pilots-ghcr-credentials-qe2za2\"},\"systemControls\":[],\"volumesFrom\":[]}]",
            "cpu": "256",
            "enable_fault_injection": false,
            "ephemeral_storage": [],
            "execution_role_arn": "arn:aws:iam::749957794341:role/pilots-ecs-task-execution-dev",
            "family": "pilots-identityhub-dev",
            "id": "pilots-identityhub-dev",
            "ipc_mode": "",
            "memory": "512",
            "network_mode": "awsvpc",
            "pid_mode": "",
            "placement_constraints": [],
            "proxy_configuration": [],
            "region": "eu-west-3",
            "requires_compatibilities": [
              "FARGATE"
            ],
            "revision": 1,
            "runtime_platform": [],
            "skip_destroy": false,
            "tags": null,
            "tags_all": {},
            "task_role_arn": "arn:aws:iam::749957794341:role/pilots-ecs-task-execution-dev",
            "track_latest": false,
            "volume": []
          },
          "sensitive_attributes": [],
          "identity_schema_version": 0,
          "private": "eyJzY2hlbWFfdmVyc2lvbiI6IjEifQ==",
          "dependencies": [
            "aws_cloudwatch_log_group.ecs",
            "aws_efs_access_point.postgres_data",
            "aws_efs_file_system.pilots",
            "aws_iam_role.ecs_task_execution"
          ]
        },
        {
          "index_key": "postgres",
          "schema_version": 1,
          "attributes": {
            "arn": "arn:aws:ecs:eu-west-3:749957794341:task-definition/pilots-postgres-dev:1",
            "arn_without_revision": "arn:aws:ecs:eu-west-3:749957794341:task-definition/pilots-postgres-dev",
            "container_definitions": "[{\"command\":[\"sh\",\"-c\",\"printf '%s\\n' \\\"$POSTGRES_INIT_SQL\\\" \u003e /docker-entrypoint-initdb.d/init.sql \u0026\u0026 exec docker-entrypoint.sh postgres\"],\"environment\":[{\"name\":\"POSTGRES_DB\",\"value\":\"controlplane\"},{\"name\":\"POSTGRES_INIT_SQL\",\"value\":\"CREATE DATABASE dataplane;\\nCREATE DATABASE identityhub;\"},{\"name\":\"POSTGRES_PASSWORD\",\"value\":\"edc\"},{\"name\":\"POSTGRES_USER\",\"value\":\"edc\"}],\"essential\":true,\"image\":\"postgres:16-alpine\",\"logConfiguration\":{\"logDriver\":\"awslogs\",\"options\":{\"awslogs-group\":\"/ecs/pilots-dev\",\"awslogs-region\":\"eu-west-3\",\"awslogs-stream-prefix\":\"postgres\"}},\"mountPoints\":[{\"containerPath\":\"/var/lib/postgresql/data\",\"readOnly\":false,\"sourceVolume\":\"postgres-data\"}],\"name\":\"postgres\",\"portMappings\":[{\"containerPort\":5432,\"hostPort\":5432,\"protocol\":\"tcp\"}],\"systemControls\":[],\"volumesFrom\":[]}]",
            "cpu": "256",
            "enable_fault_injection": false,
            "ephemeral_storage": [],
            "execution_role_arn": "arn:aws:iam::749957794341:role/pilots-ecs-task-execution-dev",
            "family": "pilots-postgres-dev",
            "id": "pilots-postgres-dev",
            "ipc_mode": "",
            "memory": "512",
            "network_mode": "awsvpc",
            "pid_mode": "",
            "placement_constraints": [],
            "proxy_configuration": [],
            "region": "eu-west-3",
            "requires_compatibilities": [
              "FARGATE"
            ],
            "revision": 1,
            "runtime_platform": [],
            "skip_destroy": false,
            "tags": null,
            "tags_all": {},
            "task_role_arn": "arn:aws:iam::749957794341:role/pilots-ecs-task-execution-dev",
            "track_latest": false,
            "volume": [
              {
                "configure_at_launch": false,
                "docker_volume_configuration": [],
                "efs_volume_configuration": [
                  {
                    "authorization_config": [
                      {
                        "access_point_id": "fsap-03a674dd124480d1d",
                        "iam": "DISABLED"
                      }
                    ],
                    "file_system_id": "fs-00506385bf7627a1e",
                    "root_directory": "/",
                    "transit_encryption": "ENABLED",
                    "transit_encryption_port": 0
                  }
                ],
                "fsx_windows_file_server_volume_configuration": [],
                "host_path": "",
                "name": "postgres-data"
              }
            ]
          },
          "sensitive_attributes": [],
          "identity_schema_version": 0,
          "private": "eyJzY2hlbWFfdmVyc2lvbiI6IjEifQ==",
          "dependencies": [
            "aws_cloudwatch_log_group.ecs",
            "aws_efs_access_point.postgres_data",
            "aws_efs_file_system.pilots",
            "aws_iam_role.ecs_task_execution"
          ]
        },
        {
          "index_key": "vault",
          "schema_version": 1,
          "attributes": {
            "arn": "arn:aws:ecs:eu-west-3:749957794341:task-definition/pilots-vault-dev:1",
            "arn_without_revision": "arn:aws:ecs:eu-west-3:749957794341:task-definition/pilots-vault-dev",
            "container_definitions": "[{\"command\":[\"vault\",\"server\",\"-dev\",\"-dev-root-token-id=root-token\",\"-dev-listen-address=0.0.0.0:8200\"],\"environment\":[],\"essential\":true,\"image\":\"hashicorp/vault:1.15\",\"logConfiguration\":{\"logDriver\":\"awslogs\",\"options\":{\"awslogs-group\":\"/ecs/pilots-dev\",\"awslogs-region\":\"eu-west-3\",\"awslogs-stream-prefix\":\"vault\"}},\"mountPoints\":[],\"name\":\"vault\",\"portMappings\":[{\"containerPort\":8200,\"hostPort\":8200,\"protocol\":\"tcp\"}],\"systemControls\":[],\"volumesFrom\":[]}]",
            "cpu": "256",
            "enable_fault_injection": false,
            "ephemeral_storage": [],
            "execution_role_arn": "arn:aws:iam::749957794341:role/pilots-ecs-task-execution-dev",
            "family": "pilots-vault-dev",
            "id": "pilots-vault-dev",
            "ipc_mode": "",
            "memory": "512",
            "network_mode": "awsvpc",
            "pid_mode": "",
            "placement_constraints": [],
            "proxy_configuration": [],
            "region": "eu-west-3",
            "requires_compatibilities": [
              "FARGATE"
            ],
            "revision": 1,
            "runtime_platform": [],
            "skip_destroy": false,
            "tags": null,
            "tags_all": {},
            "task_role_arn": "arn:aws:iam::749957794341:role/pilots-ecs-task-execution-dev",
            "track_latest": false,
            "volume": []
          },
          "sensitive_attributes": [],
          "identity_schema_version": 0,
          "private": "eyJzY2hlbWFfdmVyc2lvbiI6IjEifQ==",
          "dependencies": [
            "aws_cloudwatch_log_group.ecs",
            "aws_efs_access_point.postgres_data",
            "aws_efs_file_system.pilots",
            "aws_iam_role.ecs_task_execution"
          ]
        }
      ]
    },
    {
      "mode": "managed",
      "type": "aws_efs_access_point",
      "name": "postgres_data",
      "provider": "provider[\"registry.terraform.io/hashicorp/aws\"]",
      "instances": [
        {
          "schema_version": 0,
          "attributes": {
            "arn": "arn:aws:elasticfilesystem:eu-west-3:749957794341:access-point/fsap-03a674dd124480d1d",
            "file_system_arn": "arn:aws:elasticfilesystem:eu-west-3:749957794341:file-system/fs-00506385bf7627a1e",
            "file_system_id": "fs-00506385bf7627a1e",
            "id": "fsap-03a674dd124480d1d",
            "owner_id": "749957794341",
            "posix_user": [
              {
                "gid": 999,
                "secondary_gids": null,
                "uid": 999
              }
            ],
            "region": "eu-west-3",
            "root_directory": [
              {
                "creation_info": [
                  {
                    "owner_gid": 999,
                    "owner_uid": 999,
                    "permissions": "0750"
                  }
                ],
                "path": "/postgres-data"
              }
            ],
            "tags": null,
            "tags_all": {}
          },
          "sensitive_attributes": [],
          "identity_schema_version": 0,
          "private": "bnVsbA==",
          "dependencies": [
            "aws_efs_file_system.pilots"
          ]
        }
      ]
    },
    {
      "mode": "managed",
      "type": "aws_efs_file_system",
      "name": "pilots",
      "provider": "provider[\"registry.terraform.io/hashicorp/aws\"]",
      "instances": [
        {
          "schema_version": 0,
          "attributes": {
            "arn": "arn:aws:elasticfilesystem:eu-west-3:749957794341:file-system/fs-00506385bf7627a1e",
            "availability_zone_id": "",
            "availability_zone_name": "",
            "creation_token": "pilots-connector-dev",
            "dns_name": "fs-00506385bf7627a1e.efs.eu-west-3.amazonaws.com",
            "encrypted": false,
            "id": "fs-00506385bf7627a1e",
            "kms_key_id": "",
            "lifecycle_policy": [],
            "name": "pilots-connector-dev",
            "number_of_mount_targets": 0,
            "owner_id": "749957794341",
            "performance_mode": "generalPurpose",
            "protection": [
              {
                "replication_overwrite": "ENABLED"
              }
            ],
            "provisioned_throughput_in_mibps": 0,
            "region": "eu-west-3",
            "size_in_bytes": [
              {
                "value": 6144,
                "value_in_ia": 0,
                "value_in_standard": 6144
              }
            ],
            "tags": {
              "Environment": "dev",
              "Name": "pilots-connector-dev"
            },
            "tags_all": {
              "Environment": "dev",
              "Name": "pilots-connector-dev"
            },
            "throughput_mode": "bursting"
          },
          "sensitive_attributes": [],
          "identity_schema_version": 0,
          "private": "bnVsbA=="
        }
      ]
    },
    {
      "mode": "managed",
      "type": "aws_efs_mount_target",
      "name": "pilots",
      "provider": "provider[\"registry.terraform.io/hashicorp/aws\"]",
      "instances": [
        {
          "index_key": "subnet-00201a559daf549ac",
          "schema_version": 0,
          "attributes": {
            "availability_zone_id": "euw3-az1",
            "availability_zone_name": "eu-west-3a",
            "dns_name": "fs-00506385bf7627a1e.efs.eu-west-3.amazonaws.com",
            "file_system_arn": "arn:aws:elasticfilesystem:eu-west-3:749957794341:file-system/fs-00506385bf7627a1e",
            "file_system_id": "fs-00506385bf7627a1e",
            "id": "fsmt-00e154f5c83032b7d",
            "ip_address": "172.31.9.221",
            "ip_address_type": "IPV4_ONLY",
            "ipv6_address": "",
            "mount_target_dns_name": "eu-west-3a.fs-00506385bf7627a1e.efs.eu-west-3.amazonaws.com",
            "network_interface_id": "eni-0ef13688a098e865e",
            "owner_id": "749957794341",
            "region": "eu-west-3",
            "security_groups": [
              "sg-0823821542bf539e4"
            ],
            "subnet_id": "subnet-00201a559daf549ac",
            "timeouts": null
          },
          "sensitive_attributes": [],
          "identity_schema_version": 0,
          "private": "eyJlMmJmYjczMC1lY2FhLTExZTYtOGY4OC0zNDM2M2JjN2M0YzAiOnsiY3JlYXRlIjoxODAwMDAwMDAwMDAwLCJkZWxldGUiOjYwMDAwMDAwMDAwMH19",
          "dependencies": [
            "aws_efs_file_system.pilots",
            "aws_security_group.alb_sg",
            "aws_security_group.ecs_tasks_sg",
            "aws_security_group.efs_sg",
            "data.aws_subnets.default",
            "data.aws_vpc.default"
          ]
        },
        {
          "index_key": "subnet-0cc09a4fb65c43a5b",
          "schema_version": 0,
          "attributes": {
            "availability_zone_id": "euw3-az2",
            "availability_zone_name": "eu-west-3b",
            "dns_name": "fs-00506385bf7627a1e.efs.eu-west-3.amazonaws.com",
            "file_system_arn": "arn:aws:elasticfilesystem:eu-west-3:749957794341:file-system/fs-00506385bf7627a1e",
            "file_system_id": "fs-00506385bf7627a1e",
            "id": "fsmt-04da02fa3a7173a89",
            "ip_address": "172.31.28.151",
            "ip_address_type": "IPV4_ONLY",
            "ipv6_address": "",
            "mount_target_dns_name": "eu-west-3b.fs-00506385bf7627a1e.efs.eu-west-3.amazonaws.com",
            "network_interface_id": "eni-03c343cdfb39beb69",
            "owner_id": "749957794341",
            "region": "eu-west-3",
            "security_groups": [
              "sg-0823821542bf539e4"
            ],
            "subnet_id": "subnet-0cc09a4fb65c43a5b",
            "timeouts": null
          },
          "sensitive_attributes": [],
          "identity_schema_version": 0,
          "private": "eyJlMmJmYjczMC1lY2FhLTExZTYtOGY4OC0zNDM2M2JjN2M0YzAiOnsiY3JlYXRlIjoxODAwMDAwMDAwMDAwLCJkZWxldGUiOjYwMDAwMDAwMDAwMH19",
          "dependencies": [
            "aws_efs_file_system.pilots",
            "aws_security_group.alb_sg",
            "aws_security_group.ecs_tasks_sg",
            "aws_security_group.efs_sg",
            "data.aws_subnets.default",
            "data.aws_vpc.default"
          ]
        },
        {
          "index_key": "subnet-0f4dda19527d52dc4",
          "schema_version": 0,
          "attributes": {
            "availability_zone_id": "euw3-az3",
            "availability_zone_name": "eu-west-3c",
            "dns_name": "fs-00506385bf7627a1e.efs.eu-west-3.amazonaws.com",
            "file_system_arn": "arn:aws:elasticfilesystem:eu-west-3:749957794341:file-system/fs-00506385bf7627a1e",
            "file_system_id": "fs-00506385bf7627a1e",
            "id": "fsmt-0a24aaf4f56c07b97",
            "ip_address": "172.31.42.62",
            "ip_address_type": "IPV4_ONLY",
            "ipv6_address": "",
            "mount_target_dns_name": "eu-west-3c.fs-00506385bf7627a1e.efs.eu-west-3.amazonaws.com",
            "network_interface_id": "eni-05b4da95ae643ae63",
            "owner_id": "749957794341",
            "region": "eu-west-3",
            "security_groups": [
              "sg-0823821542bf539e4"
            ],
            "subnet_id": "subnet-0f4dda19527d52dc4",
            "timeouts": null
          },
          "sensitive_attributes": [],
          "identity_schema_version": 0,
          "private": "eyJlMmJmYjczMC1lY2FhLTExZTYtOGY4OC0zNDM2M2JjN2M0YzAiOnsiY3JlYXRlIjoxODAwMDAwMDAwMDAwLCJkZWxldGUiOjYwMDAwMDAwMDAwMH19",
          "dependencies": [
            "aws_efs_file_system.pilots",
            "aws_security_group.alb_sg",
            "aws_security_group.ecs_tasks_sg",
            "aws_security_group.efs_sg",
            "data.aws_subnets.default",
            "data.aws_vpc.default"
          ]
        }
      ]
    },
    {
      "mode": "managed",
      "type": "aws_iam_role",
      "name": "ecs_task_execution",
      "provider": "provider[\"registry.terraform.io/hashicorp/aws\"]",
      "instances": [
        {
          "schema_version": 0,
          "attributes": {
            "arn": "arn:aws:iam::749957794341:role/pilots-ecs-task-execution-dev",
            "assume_role_policy": "{\"Statement\":[{\"Action\":\"sts:AssumeRole\",\"Effect\":\"Allow\",\"Principal\":{\"Service\":\"ecs-tasks.amazonaws.com\"}}],\"Version\":\"2012-10-17\"}",
            "create_date": "2026-05-06T13:45:15Z",
            "description": "",
            "force_detach_policies": false,
            "id": "pilots-ecs-task-execution-dev",
            "inline_policy": [],
            "managed_policy_arns": [],
            "max_session_duration": 3600,
            "name": "pilots-ecs-task-execution-dev",
            "name_prefix": "",
            "path": "/",
            "permissions_boundary": "",
            "tags": null,
            "tags_all": {},
            "unique_id": "AROA25HHXZISRE6UAQ7XR"
          },
          "sensitive_attributes": [],
          "identity_schema_version": 0,
          "identity": {
            "account_id": "749957794341",
            "name": "pilots-ecs-task-execution-dev"
          },
          "private": "bnVsbA=="
        }
      ]
    },
    {
      "mode": "managed",
      "type": "aws_iam_role_policy",
      "name": "ecs_task_execution_secret_access",
      "provider": "provider[\"registry.terraform.io/hashicorp/aws\"]",
      "instances": [
        {
          "schema_version": 0,
          "attributes": {
            "id": "pilots-ecs-task-execution-dev:pilots-ecs-ghcr-access-dev",
            "name": "pilots-ecs-ghcr-access-dev",
            "name_prefix": "",
            "policy": "{\"Version\":\"2012-10-17\",\"Statement\":[{\"Action\":[\"secretsmanager:GetSecretValue\",\"kms:Decrypt\"],\"Effect\":\"Allow\",\"Resource\":\"arn:aws:secretsmanager:eu-west-3:749957794341:secret:pilots-ghcr-credentials-qe2za2\"}]}",
            "role": "pilots-ecs-task-execution-dev"
          },
          "sensitive_attributes": [],
          "identity_schema_version": 0,
          "identity": {
            "account_id": "749957794341",
            "name": "pilots-ecs-ghcr-access-dev",
            "role": "pilots-ecs-task-execution-dev"
          },
          "private": "bnVsbA==",
          "dependencies": [
            "aws_iam_role.ecs_task_execution"
          ]
        }
      ]
    },
    {
      "mode": "managed",
      "type": "aws_iam_role_policy_attachment",
      "name": "ecs_task_execution_managed",
      "provider": "provider[\"registry.terraform.io/hashicorp/aws\"]",
      "instances": [
        {
          "schema_version": 0,
          "attributes": {
            "id": "pilots-ecs-task-execution-dev/arn:aws:iam::aws:policy/service-role/AmazonECSTaskExecutionRolePolicy",
            "policy_arn": "arn:aws:iam::aws:policy/service-role/AmazonECSTaskExecutionRolePolicy",
            "role": "pilots-ecs-task-execution-dev"
          },
          "sensitive_attributes": [],
          "identity_schema_version": 0,
          "identity": {
            "account_id": "749957794341",
            "policy_arn": "arn:aws:iam::aws:policy/service-role/AmazonECSTaskExecutionRolePolicy",
            "role": "pilots-ecs-task-execution-dev"
          },
          "private": "bnVsbA==",
          "dependencies": [
            "aws_iam_role.ecs_task_execution"
          ]
        }
      ]
    },
    {
      "mode": "managed",
      "type": "aws_lb",
      "name": "pilots_alb",
      "provider": "provider[\"registry.terraform.io/hashicorp/aws\"]",
      "instances": [
        {
          "schema_version": 0,
          "attributes": {
            "access_logs": [
              {
                "bucket": "",
                "enabled": false,
                "prefix": ""
              }
            ],
            "arn": "arn:aws:elasticloadbalancing:eu-west-3:749957794341:loadbalancer/app/pilots-connector-alb/be1d874e80674fd1",
            "arn_suffix": "app/pilots-connector-alb/be1d874e80674fd1",
            "client_keep_alive": 3600,
            "connection_logs": [
              {
                "bucket": "",
                "enabled": false,
                "prefix": ""
              }
            ],
            "customer_owned_ipv4_pool": "",
            "desync_mitigation_mode": "defensive",
            "dns_name": "pilots-connector-alb-1559347368.eu-west-3.elb.amazonaws.com",
            "dns_record_client_routing_policy": null,
            "drop_invalid_header_fields": false,
            "enable_cross_zone_load_balancing": true,
            "enable_deletion_protection": false,
            "enable_http2": true,
            "enable_tls_version_and_cipher_suite_headers": false,
            "enable_waf_fail_open": false,
            "enable_xff_client_port": false,
            "enable_zonal_shift": false,
            "enforce_security_group_inbound_rules_on_private_link_traffic": "",
            "health_check_logs": [
              {
                "bucket": "",
                "enabled": false,
                "prefix": ""
              }
            ],
            "id": "arn:aws:elasticloadbalancing:eu-west-3:749957794341:loadbalancer/app/pilots-connector-alb/be1d874e80674fd1",
            "idle_timeout": 60,
            "internal": false,
            "ip_address_type": "ipv4",
            "ipam_pools": [],
            "load_balancer_type": "application",
            "minimum_load_balancer_capacity": [],
            "name": "pilots-connector-alb",
            "name_prefix": "",
            "preserve_host_header": false,
            "region": "eu-west-3",
            "secondary_ips_auto_assigned_per_subnet": null,
            "security_groups": [
              "sg-0378f5b8e9e9c4a6a"
            ],
            "subnet_mapping": [
              {
                "allocation_id": "",
                "ipv6_address": "",
                "outpost_id": "",
                "private_ipv4_address": "",
                "subnet_id": "subnet-00201a559daf549ac"
              },
              {
                "allocation_id": "",
                "ipv6_address": "",
                "outpost_id": "",
                "private_ipv4_address": "",
                "subnet_id": "subnet-0cc09a4fb65c43a5b"
              },
              {
                "allocation_id": "",
                "ipv6_address": "",
                "outpost_id": "",
                "private_ipv4_address": "",
                "subnet_id": "subnet-0f4dda19527d52dc4"
              }
            ],
            "subnets": [
              "subnet-00201a559daf549ac",
              "subnet-0cc09a4fb65c43a5b",
              "subnet-0f4dda19527d52dc4"
            ],
            "tags": {
              "Environment": "dev"
            },
            "tags_all": {
              "Environment": "dev"
            },
            "timeouts": null,
            "vpc_id": "vpc-0556cc42ac2b13ebc",
            "xff_header_processing_mode": "append",
            "zone_id": "Z3Q77PNBQS71R4"
          },
          "sensitive_attributes": [],
          "identity_schema_version": 0,
          "identity": {
            "arn": "arn:aws:elasticloadbalancing:eu-west-3:749957794341:loadbalancer/app/pilots-connector-alb/be1d874e80674fd1"
          },
          "private": "eyJlMmJmYjczMC1lY2FhLTExZTYtOGY4OC0zNDM2M2JjN2M0YzAiOnsiY3JlYXRlIjo2MDAwMDAwMDAwMDAsImRlbGV0ZSI6NjAwMDAwMDAwMDAwLCJ1cGRhdGUiOjYwMDAwMDAwMDAwMH19",
          "dependencies": [
            "aws_security_group.alb_sg",
            "data.aws_subnets.default",
            "data.aws_vpc.default"
          ]
        }
      ]
    },
    {
      "mode": "managed",
      "type": "aws_lb_listener",
      "name": "http_redirect",
      "provider": "provider[\"registry.terraform.io/hashicorp/aws\"]",
      "instances": [
        {
          "schema_version": 0,
          "attributes": {
            "alpn_policy": null,
            "arn": "arn:aws:elasticloadbalancing:eu-west-3:749957794341:listener/app/pilots-connector-alb/be1d874e80674fd1/c18ddb7b070cba49",
            "certificate_arn": null,
            "default_action": [
              {
                "authenticate_cognito": [],
                "authenticate_oidc": [],
                "fixed_response": [],
                "forward": [],
                "jwt_validation": [],
                "order": 1,
                "redirect": [
                  {
                    "host": "#{host}",
                    "path": "/#{path}",
                    "port": "443",
                    "protocol": "HTTPS",
                    "query": "#{query}",
                    "status_code": "HTTP_301"
                  }
                ],
                "target_group_arn": "",
                "type": "redirect"
              }
            ],
            "id": "arn:aws:elasticloadbalancing:eu-west-3:749957794341:listener/app/pilots-connector-alb/be1d874e80674fd1/c18ddb7b070cba49",
            "load_balancer_arn": "arn:aws:elasticloadbalancing:eu-west-3:749957794341:loadbalancer/app/pilots-connector-alb/be1d874e80674fd1",
            "mutual_authentication": [],
            "port": 80,
            "protocol": "HTTP",
            "region": "eu-west-3",
            "routing_http_request_x_amzn_mtls_clientcert_header_name": null,
            "routing_http_request_x_amzn_mtls_clientcert_issuer_header_name": null,
            "routing_http_request_x_amzn_mtls_clientcert_leaf_header_name": null,
            "routing_http_request_x_amzn_mtls_clientcert_serial_number_header_name": null,
            "routing_http_request_x_amzn_mtls_clientcert_subject_header_name": null,
            "routing_http_request_x_amzn_mtls_clientcert_validity_header_name": null,
            "routing_http_request_x_amzn_tls_cipher_suite_header_name": null,
            "routing_http_request_x_amzn_tls_version_header_name": null,
            "routing_http_response_access_control_allow_credentials_header_value": "",
            "routing_http_response_access_control_allow_headers_header_value": "",
            "routing_http_response_access_control_allow_methods_header_value": "",
            "routing_http_response_access_control_allow_origin_header_value": "",
            "routing_http_response_access_control_expose_headers_header_value": "",
            "routing_http_response_access_control_max_age_header_value": "",
            "routing_http_response_content_security_policy_header_value": "",
            "routing_http_response_server_enabled": true,
            "routing_http_response_strict_transport_security_header_value": "",
            "routing_http_response_x_content_type_options_header_value": "",
            "routing_http_response_x_frame_options_header_value": "",
            "ssl_policy": "",
            "tags": null,
            "tags_all": {},
            "tcp_idle_timeout_seconds": null,
            "timeouts": null
          },
          "sensitive_attributes": [],
          "identity_schema_version": 0,
          "identity": {
            "arn": "arn:aws:elasticloadbalancing:eu-west-3:749957794341:listener/app/pilots-connector-alb/be1d874e80674fd1/c18ddb7b070cba49"
          },
          "private": "eyJlMmJmYjczMC1lY2FhLTExZTYtOGY4OC0zNDM2M2JjN2M0YzAiOnsiY3JlYXRlIjozMDAwMDAwMDAwMDAsInVwZGF0ZSI6MzAwMDAwMDAwMDAwfX0=",
          "dependencies": [
            "aws_lb.pilots_alb",
            "aws_security_group.alb_sg",
            "data.aws_subnets.default",
            "data.aws_vpc.default"
          ]
        }
      ]
    },
    {
      "mode": "managed",
      "type": "aws_lb_target_group",
      "name": "services",
      "provider": "provider[\"registry.terraform.io/hashicorp/aws\"]",
      "instances": [
        {
          "index_key": "credentials",
          "schema_version": 0,
          "attributes": {
            "arn": "arn:aws:elasticloadbalancing:eu-west-3:749957794341:targetgroup/tg-credentials/c699e925ed6b9e59",
            "arn_suffix": "targetgroup/tg-credentials/c699e925ed6b9e59",
            "connection_termination": null,
            "deregistration_delay": "300",
            "health_check": [
              {
                "enabled": true,
                "healthy_threshold": 2,
                "interval": 30,
                "matcher": "200-499",
                "path": "/",
                "port": "traffic-port",
                "protocol": "HTTP",
                "timeout": 5,
                "unhealthy_threshold": 2
              }
            ],
            "id": "arn:aws:elasticloadbalancing:eu-west-3:749957794341:targetgroup/tg-credentials/c699e925ed6b9e59",
            "ip_address_type": "ipv4",
            "lambda_multi_value_headers_enabled": false,
            "load_balancer_arns": [],
            "load_balancing_algorithm_type": "round_robin",
            "load_balancing_anomaly_mitigation": "off",
            "load_balancing_cross_zone_enabled": "use_load_balancer_configuration",
            "name": "tg-credentials",
            "name_prefix": "",
            "port": 7091,
            "preserve_client_ip": null,
            "protocol": "HTTP",
            "protocol_version": "HTTP1",
            "proxy_protocol_v2": false,
            "region": "eu-west-3",
            "slow_start": 0,
            "stickiness": [
              {
                "cookie_duration": 86400,
                "cookie_name": "",
                "enabled": false,
                "type": "lb_cookie"
              }
            ],
            "tags": null,
            "tags_all": {},
            "target_control_port": 0,
            "target_failover": [
              {
                "on_deregistration": null,
                "on_unhealthy": null
              }
            ],
            "target_group_health": [
              {
                "dns_failover": [
                  {
                    "minimum_healthy_targets_count": "1",
                    "minimum_healthy_targets_percentage": "off"
                  }
                ],
                "unhealthy_state_routing": [
                  {
                    "minimum_healthy_targets_count": 1,
                    "minimum_healthy_targets_percentage": "off"
                  }
                ]
              }
            ],
            "target_health_state": [
              {
                "enable_unhealthy_connection_termination": null,
                "unhealthy_draining_interval": null
              }
            ],
            "target_type": "ip",
            "vpc_id": "vpc-0556cc42ac2b13ebc"
          },
          "sensitive_attributes": [],
          "identity_schema_version": 0,
          "identity": {
            "arn": "arn:aws:elasticloadbalancing:eu-west-3:749957794341:targetgroup/tg-credentials/c699e925ed6b9e59"
          },
          "private": "bnVsbA==",
          "dependencies": [
            "data.aws_vpc.default"
          ]
        },
        {
          "index_key": "dashboard",
          "schema_version": 0,
          "attributes": {
            "arn": "arn:aws:elasticloadbalancing:eu-west-3:749957794341:targetgroup/tg-dashboard/b5e4d5b8664212ae",
            "arn_suffix": "targetgroup/tg-dashboard/b5e4d5b8664212ae",
            "connection_termination": null,
            "deregistration_delay": "300",
            "health_check": [
              {
                "enabled": true,
                "healthy_threshold": 2,
                "interval": 30,
                "matcher": "200-499",
                "path": "/",
                "port": "traffic-port",
                "protocol": "HTTP",
                "timeout": 5,
                "unhealthy_threshold": 2
              }
            ],
            "id": "arn:aws:elasticloadbalancing:eu-west-3:749957794341:targetgroup/tg-dashboard/b5e4d5b8664212ae",
            "ip_address_type": "ipv4",
            "lambda_multi_value_headers_enabled": false,
            "load_balancer_arns": [],
            "load_balancing_algorithm_type": "round_robin",
            "load_balancing_anomaly_mitigation": "off",
            "load_balancing_cross_zone_enabled": "use_load_balancer_configuration",
            "name": "tg-dashboard",
            "name_prefix": "",
            "port": 80,
            "preserve_client_ip": null,
            "protocol": "HTTP",
            "protocol_version": "HTTP1",
            "proxy_protocol_v2": false,
            "region": "eu-west-3",
            "slow_start": 0,
            "stickiness": [
              {
                "cookie_duration": 86400,
                "cookie_name": "",
                "enabled": false,
                "type": "lb_cookie"
              }
            ],
            "tags": null,
            "tags_all": {},
            "target_control_port": 0,
            "target_failover": [
              {
                "on_deregistration": null,
                "on_unhealthy": null
              }
            ],
            "target_group_health": [
              {
                "dns_failover": [
                  {
                    "minimum_healthy_targets_count": "1",
                    "minimum_healthy_targets_percentage": "off"
                  }
                ],
                "unhealthy_state_routing": [
                  {
                    "minimum_healthy_targets_count": 1,
                    "minimum_healthy_targets_percentage": "off"
                  }
                ]
              }
            ],
            "target_health_state": [
              {
                "enable_unhealthy_connection_termination": null,
                "unhealthy_draining_interval": null
              }
            ],
            "target_type": "ip",
            "vpc_id": "vpc-0556cc42ac2b13ebc"
          },
          "sensitive_attributes": [],
          "identity_schema_version": 0,
          "identity": {
            "arn": "arn:aws:elasticloadbalancing:eu-west-3:749957794341:targetgroup/tg-dashboard/b5e4d5b8664212ae"
          },
          "private": "bnVsbA==",
          "dependencies": [
            "data.aws_vpc.default"
          ]
        },
        {
          "index_key": "data",
          "schema_version": 0,
          "attributes": {
            "arn": "arn:aws:elasticloadbalancing:eu-west-3:749957794341:targetgroup/tg-data/a772ce3884cae08d",
            "arn_suffix": "targetgroup/tg-data/a772ce3884cae08d",
            "connection_termination": null,
            "deregistration_delay": "300",
            "health_check": [
              {
                "enabled": true,
                "healthy_threshold": 2,
                "interval": 30,
                "matcher": "200-499",
                "path": "/",
                "port": "traffic-port",
                "protocol": "HTTP",
                "timeout": 5,
                "unhealthy_threshold": 2
              }
            ],
            "id": "arn:aws:elasticloadbalancing:eu-west-3:749957794341:targetgroup/tg-data/a772ce3884cae08d",
            "ip_address_type": "ipv4",
            "lambda_multi_value_headers_enabled": false,
            "load_balancer_arns": [],
            "load_balancing_algorithm_type": "round_robin",
            "load_balancing_anomaly_mitigation": "off",
            "load_balancing_cross_zone_enabled": "use_load_balancer_configuration",
            "name": "tg-data",
            "name_prefix": "",
            "port": 38185,
            "preserve_client_ip": null,
            "protocol": "HTTP",
            "protocol_version": "HTTP1",
            "proxy_protocol_v2": false,
            "region": "eu-west-3",
            "slow_start": 0,
            "stickiness": [
              {
                "cookie_duration": 86400,
                "cookie_name": "",
                "enabled": false,
                "type": "lb_cookie"
              }
            ],
            "tags": null,
            "tags_all": {},
            "target_control_port": 0,
            "target_failover": [
              {
                "on_deregistration": null,
                "on_unhealthy": null
              }
            ],
            "target_group_health": [
              {
                "dns_failover": [
                  {
                    "minimum_healthy_targets_count": "1",
                    "minimum_healthy_targets_percentage": "off"
                  }
                ],
                "unhealthy_state_routing": [
                  {
                    "minimum_healthy_targets_count": 1,
                    "minimum_healthy_targets_percentage": "off"
                  }
                ]
              }
            ],
            "target_health_state": [
              {
                "enable_unhealthy_connection_termination": null,
                "unhealthy_draining_interval": null
              }
            ],
            "target_type": "ip",
            "vpc_id": "vpc-0556cc42ac2b13ebc"
          },
          "sensitive_attributes": [],
          "identity_schema_version": 0,
          "identity": {
            "arn": "arn:aws:elasticloadbalancing:eu-west-3:749957794341:targetgroup/tg-data/a772ce3884cae08d"
          },
          "private": "bnVsbA==",
          "dependencies": [
            "data.aws_vpc.default"
          ]
        },
        {
          "index_key": "did-api",
          "schema_version": 0,
          "attributes": {
            "arn": "arn:aws:elasticloadbalancing:eu-west-3:749957794341:targetgroup/tg-did-api/2e10bcb31bff0008",
            "arn_suffix": "targetgroup/tg-did-api/2e10bcb31bff0008",
            "connection_termination": null,
            "deregistration_delay": "300",
            "health_check": [
              {
                "enabled": true,
                "healthy_threshold": 2,
                "interval": 30,
                "matcher": "200-499",
                "path": "/",
                "port": "traffic-port",
                "protocol": "HTTP",
                "timeout": 5,
                "unhealthy_threshold": 2
              }
            ],
            "id": "arn:aws:elasticloadbalancing:eu-west-3:749957794341:targetgroup/tg-did-api/2e10bcb31bff0008",
            "ip_address_type": "ipv4",
            "lambda_multi_value_headers_enabled": false,
            "load_balancer_arns": [],
            "load_balancing_algorithm_type": "round_robin",
            "load_balancing_anomaly_mitigation": "off",
            "load_balancing_cross_zone_enabled": "use_load_balancer_configuration",
            "name": "tg-did-api",
            "name_prefix": "",
            "port": 7093,
            "preserve_client_ip": null,
            "protocol": "HTTP",
            "protocol_version": "HTTP1",
            "proxy_protocol_v2": false,
            "region": "eu-west-3",
            "slow_start": 0,
            "stickiness": [
              {
                "cookie_duration": 86400,
                "cookie_name": "",
                "enabled": false,
                "type": "lb_cookie"
              }
            ],
            "tags": null,
            "tags_all": {},
            "target_control_port": 0,
            "target_failover": [
              {
                "on_deregistration": null,
                "on_unhealthy": null
              }
            ],
            "target_group_health": [
              {
                "dns_failover": [
                  {
                    "minimum_healthy_targets_count": "1",
                    "minimum_healthy_targets_percentage": "off"
                  }
                ],
                "unhealthy_state_routing": [
                  {
                    "minimum_healthy_targets_count": 1,
                    "minimum_healthy_targets_percentage": "off"
                  }
                ]
              }
            ],
            "target_health_state": [
              {
                "enable_unhealthy_connection_termination": null,
                "unhealthy_draining_interval": null
              }
            ],
            "target_type": "ip",
            "vpc_id": "vpc-0556cc42ac2b13ebc"
          },
          "sensitive_attributes": [],
          "identity_schema_version": 0,
          "identity": {
            "arn": "arn:aws:elasticloadbalancing:eu-west-3:749957794341:targetgroup/tg-did-api/2e10bcb31bff0008"
          },
          "private": "bnVsbA==",
          "dependencies": [
            "data.aws_vpc.default"
          ]
        },
        {
          "index_key": "did-server",
          "schema_version": 0,
          "attributes": {
            "arn": "arn:aws:elasticloadbalancing:eu-west-3:749957794341:targetgroup/tg-did-server/be907864a211f69b",
            "arn_suffix": "targetgroup/tg-did-server/be907864a211f69b",
            "connection_termination": null,
            "deregistration_delay": "300",
            "health_check": [
              {
                "enabled": true,
                "healthy_threshold": 2,
                "interval": 30,
                "matcher": "200-499",
                "path": "/",
                "port": "traffic-port",
                "protocol": "HTTP",
                "timeout": 5,
                "unhealthy_threshold": 2
              }
            ],
            "id": "arn:aws:elasticloadbalancing:eu-west-3:749957794341:targetgroup/tg-did-server/be907864a211f69b",
            "ip_address_type": "ipv4",
            "lambda_multi_value_headers_enabled": false,
            "load_balancer_arns": [],
            "load_balancing_algorithm_type": "round_robin",
            "load_balancing_anomaly_mitigation": "off",
            "load_balancing_cross_zone_enabled": "use_load_balancer_configuration",
            "name": "tg-did-server",
            "name_prefix": "",
            "port": 9876,
            "preserve_client_ip": null,
            "protocol": "HTTP",
            "protocol_version": "HTTP1",
            "proxy_protocol_v2": false,
            "region": "eu-west-3",
            "slow_start": 0,
            "stickiness": [
              {
                "cookie_duration": 86400,
                "cookie_name": "",
                "enabled": false,
                "type": "lb_cookie"
              }
            ],
            "tags": null,
            "tags_all": {},
            "target_control_port": 0,
            "target_failover": [
              {
                "on_deregistration": null,
                "on_unhealthy": null
              }
            ],
            "target_group_health": [
              {
                "dns_failover": [
                  {
                    "minimum_healthy_targets_count": "1",
                    "minimum_healthy_targets_percentage": "off"
                  }
                ],
                "unhealthy_state_routing": [
                  {
                    "minimum_healthy_targets_count": 1,
                    "minimum_healthy_targets_percentage": "off"
                  }
                ]
              }
            ],
            "target_health_state": [
              {
                "enable_unhealthy_connection_termination": null,
                "unhealthy_draining_interval": null
              }
            ],
            "target_type": "ip",
            "vpc_id": "vpc-0556cc42ac2b13ebc"
          },
          "sensitive_attributes": [],
          "identity_schema_version": 0,
          "identity": {
            "arn": "arn:aws:elasticloadbalancing:eu-west-3:749957794341:targetgroup/tg-did-server/be907864a211f69b"
          },
          "private": "bnVsbA==",
          "dependencies": [
            "data.aws_vpc.default"
          ]
        },
        {
          "index_key": "dsp",
          "schema_version": 0,
          "attributes": {
            "arn": "arn:aws:elasticloadbalancing:eu-west-3:749957794341:targetgroup/tg-dsp/42d09fe7d8b88184",
            "arn_suffix": "targetgroup/tg-dsp/42d09fe7d8b88184",
            "connection_termination": null,
            "deregistration_delay": "300",
            "health_check": [
              {
                "enabled": true,
                "healthy_threshold": 2,
                "interval": 30,
                "matcher": "200-499",
                "path": "/",
                "port": "traffic-port",
                "protocol": "HTTP",
                "timeout": 5,
                "unhealthy_threshold": 2
              }
            ],
            "id": "arn:aws:elasticloadbalancing:eu-west-3:749957794341:targetgroup/tg-dsp/42d09fe7d8b88184",
            "ip_address_type": "ipv4",
            "lambda_multi_value_headers_enabled": false,
            "load_balancer_arns": [],
            "load_balancing_algorithm_type": "round_robin",
            "load_balancing_anomaly_mitigation": "off",
            "load_balancing_cross_zone_enabled": "use_load_balancer_configuration",
            "name": "tg-dsp",
            "name_prefix": "",
            "port": 19194,
            "preserve_client_ip": null,
            "protocol": "HTTP",
            "protocol_version": "HTTP1",
            "proxy_protocol_v2": false,
            "region": "eu-west-3",
            "slow_start": 0,
            "stickiness": [
              {
                "cookie_duration": 86400,
                "cookie_name": "",
                "enabled": false,
                "type": "lb_cookie"
              }
            ],
            "tags": null,
            "tags_all": {},
            "target_control_port": 0,
            "target_failover": [
              {
                "on_deregistration": null,
                "on_unhealthy": null
              }
            ],
            "target_group_health": [
              {
                "dns_failover": [
                  {
                    "minimum_healthy_targets_count": "1",
                    "minimum_healthy_targets_percentage": "off"
                  }
                ],
                "unhealthy_state_routing": [
                  {
                    "minimum_healthy_targets_count": 1,
                    "minimum_healthy_targets_percentage": "off"
                  }
                ]
              }
            ],
            "target_health_state": [
              {
                "enable_unhealthy_connection_termination": null,
                "unhealthy_draining_interval": null
              }
            ],
            "target_type": "ip",
            "vpc_id": "vpc-0556cc42ac2b13ebc"
          },
          "sensitive_attributes": [],
          "identity_schema_version": 0,
          "identity": {
            "arn": "arn:aws:elasticloadbalancing:eu-west-3:749957794341:targetgroup/tg-dsp/42d09fe7d8b88184"
          },
          "private": "bnVsbA==",
          "dependencies": [
            "data.aws_vpc.default"
          ]
        }
      ]
    },
    {
      "mode": "managed",
      "type": "aws_route53_record",
      "name": "cert_validation",
      "provider": "provider[\"registry.terraform.io/hashicorp/aws\"]",
      "instances": [
        {
          "index_key": "*.dev.pilots.t-mining.ma-de.be",
          "schema_version": 2,
          "attributes": {
            "alias": [],
            "allow_overwrite": true,
            "cidr_routing_policy": [],
            "failover_routing_policy": [],
            "fqdn": "_f640f4eb7b833361535ac9554b42e94f.dev.pilots.t-mining.ma-de.be",
            "geolocation_routing_policy": [],
            "geoproximity_routing_policy": [],
            "health_check_id": "",
            "id": "Z10162312VF6J25LL8OQ6__f640f4eb7b833361535ac9554b42e94f.dev.pilots.t-mining.ma-de.be._CNAME",
            "latency_routing_policy": [],
            "multivalue_answer_routing_policy": false,
            "name": "_f640f4eb7b833361535ac9554b42e94f.dev.pilots.t-mining.ma-de.be",
            "records": [
              "_55d1297110c130a4942e15c105835f3c.jkddzztszm.acm-validations.aws."
            ],
            "set_identifier": "",
            "timeouts": null,
            "ttl": 60,
            "type": "CNAME",
            "weighted_routing_policy": [],
            "zone_id": "Z10162312VF6J25LL8OQ6"
          },
          "sensitive_attributes": [],
          "identity_schema_version": 0,
          "identity": {
            "account_id": "749957794341",
            "name": "_f640f4eb7b833361535ac9554b42e94f.dev.pilots.t-mining.ma-de.be.",
            "set_identifier": null,
            "type": "CNAME",
            "zone_id": "Z10162312VF6J25LL8OQ6"
          },
          "private": "eyJlMmJmYjczMC1lY2FhLTExZTYtOGY4OC0zNDM2M2JjN2M0YzAiOnsiY3JlYXRlIjoxODAwMDAwMDAwMDAwLCJkZWxldGUiOjE4MDAwMDAwMDAwMDAsInVwZGF0ZSI6MTgwMDAwMDAwMDAwMH0sInNjaGVtYV92ZXJzaW9uIjoiMiJ9",
          "dependencies": [
            "aws_acm_certificate.wildcard",
            "aws_route53_zone.pilots"
          ]
        },
        {
          "index_key": "*.pilots.t-mining.ma-de.be",
          "schema_version": 2,
          "attributes": {
            "alias": [],
            "allow_overwrite": true,
            "cidr_routing_policy": [],
            "failover_routing_policy": [],
            "fqdn": "_fc0d5cfaa6e5ecf008e6f38f372145dd.pilots.t-mining.ma-de.be",
            "geolocation_routing_policy": [],
            "geoproximity_routing_policy": [],
            "health_check_id": "",
            "id": "Z10162312VF6J25LL8OQ6__fc0d5cfaa6e5ecf008e6f38f372145dd.pilots.t-mining.ma-de.be._CNAME",
            "latency_routing_policy": [],
            "multivalue_answer_routing_policy": false,
            "name": "_fc0d5cfaa6e5ecf008e6f38f372145dd.pilots.t-mining.ma-de.be",
            "records": [
              "_ec71e41d07f20f49930f8ae55f9bd45c.jkddzztszm.acm-validations.aws."
            ],
            "set_identifier": "",
            "timeouts": null,
            "ttl": 60,
            "type": "CNAME",
            "weighted_routing_policy": [],
            "zone_id": "Z10162312VF6J25LL8OQ6"
          },
          "sensitive_attributes": [],
          "identity_schema_version": 0,
          "identity": {
            "account_id": "749957794341",
            "name": "_fc0d5cfaa6e5ecf008e6f38f372145dd.pilots.t-mining.ma-de.be.",
            "set_identifier": null,
            "type": "CNAME",
            "zone_id": "Z10162312VF6J25LL8OQ6"
          },
          "private": "eyJlMmJmYjczMC1lY2FhLTExZTYtOGY4OC0zNDM2M2JjN2M0YzAiOnsiY3JlYXRlIjoxODAwMDAwMDAwMDAwLCJkZWxldGUiOjE4MDAwMDAwMDAwMDAsInVwZGF0ZSI6MTgwMDAwMDAwMDAwMH0sInNjaGVtYV92ZXJzaW9uIjoiMiJ9",
          "dependencies": [
            "aws_acm_certificate.wildcard",
            "aws_route53_zone.pilots"
          ]
        },
        {
          "index_key": "pilots.t-mining.ma-de.be",
          "schema_version": 2,
          "attributes": {
            "alias": [],
            "allow_overwrite": true,
            "cidr_routing_policy": [],
            "failover_routing_policy": [],
            "fqdn": "_fc0d5cfaa6e5ecf008e6f38f372145dd.pilots.t-mining.ma-de.be",
            "geolocation_routing_policy": [],
            "geoproximity_routing_policy": [],
            "health_check_id": "",
            "id": "Z10162312VF6J25LL8OQ6__fc0d5cfaa6e5ecf008e6f38f372145dd.pilots.t-mining.ma-de.be._CNAME",
            "latency_routing_policy": [],
            "multivalue_answer_routing_policy": false,
            "name": "_fc0d5cfaa6e5ecf008e6f38f372145dd.pilots.t-mining.ma-de.be",
            "records": [
              "_ec71e41d07f20f49930f8ae55f9bd45c.jkddzztszm.acm-validations.aws."
            ],
            "set_identifier": "",
            "timeouts": null,
            "ttl": 60,
            "type": "CNAME",
            "weighted_routing_policy": [],
            "zone_id": "Z10162312VF6J25LL8OQ6"
          },
          "sensitive_attributes": [],
          "identity_schema_version": 0,
          "identity": {
            "account_id": "749957794341",
            "name": "_fc0d5cfaa6e5ecf008e6f38f372145dd.pilots.t-mining.ma-de.be.",
            "set_identifier": null,
            "type": "CNAME",
            "zone_id": "Z10162312VF6J25LL8OQ6"
          },
          "private": "eyJlMmJmYjczMC1lY2FhLTExZTYtOGY4OC0zNDM2M2JjN2M0YzAiOnsiY3JlYXRlIjoxODAwMDAwMDAwMDAwLCJkZWxldGUiOjE4MDAwMDAwMDAwMDAsInVwZGF0ZSI6MTgwMDAwMDAwMDAwMH0sInNjaGVtYV92ZXJzaW9uIjoiMiJ9",
          "dependencies": [
            "aws_acm_certificate.wildcard",
            "aws_route53_zone.pilots"
          ]
        }
      ]
    },
    {
      "mode": "managed",
      "type": "aws_route53_record",
      "name": "root",
      "provider": "provider[\"registry.terraform.io/hashicorp/aws\"]",
      "instances": [
        {
          "schema_version": 2,
          "attributes": {
            "alias": [
              {
                "evaluate_target_health": true,
                "name": "pilots-connector-alb-1559347368.eu-west-3.elb.amazonaws.com",
                "zone_id": "Z3Q77PNBQS71R4"
              }
            ],
            "allow_overwrite": null,
            "cidr_routing_policy": [],
            "failover_routing_policy": [],
            "fqdn": "pilots.t-mining.ma-de.be",
            "geolocation_routing_policy": [],
            "geoproximity_routing_policy": [],
            "health_check_id": "",
            "id": "Z10162312VF6J25LL8OQ6_pilots.t-mining.ma-de.be_A",
            "latency_routing_policy": [],
            "multivalue_answer_routing_policy": false,
            "name": "pilots.t-mining.ma-de.be",
            "records": null,
            "set_identifier": "",
            "timeouts": null,
            "ttl": 0,
            "type": "A",
            "weighted_routing_policy": [],
            "zone_id": "Z10162312VF6J25LL8OQ6"
          },
          "sensitive_attributes": [],
          "identity_schema_version": 0,
          "identity": {
            "account_id": "749957794341",
            "name": "pilots.t-mining.ma-de.be",
            "set_identifier": null,
            "type": "A",
            "zone_id": "Z10162312VF6J25LL8OQ6"
          },
          "private": "eyJlMmJmYjczMC1lY2FhLTExZTYtOGY4OC0zNDM2M2JjN2M0YzAiOnsiY3JlYXRlIjoxODAwMDAwMDAwMDAwLCJkZWxldGUiOjE4MDAwMDAwMDAwMDAsInVwZGF0ZSI6MTgwMDAwMDAwMDAwMH0sInNjaGVtYV92ZXJzaW9uIjoiMiJ9",
          "dependencies": [
            "aws_lb.pilots_alb",
            "aws_route53_zone.pilots",
            "aws_security_group.alb_sg",
            "data.aws_subnets.default",
            "data.aws_vpc.default"
          ]
        }
      ]
    },
    {
      "mode": "managed",
      "type": "aws_route53_zone",
      "name": "pilots",
      "provider": "provider[\"registry.terraform.io/hashicorp/aws\"]",
      "instances": [
        {
          "schema_version": 0,
          "attributes": {
            "arn": "arn:aws:route53:::hostedzone/Z10162312VF6J25LL8OQ6",
            "comment": "Managed by Terraform",
            "delegation_set_id": "",
            "enable_accelerated_recovery": false,
            "force_destroy": false,
            "id": "Z10162312VF6J25LL8OQ6",
            "name": "pilots.t-mining.ma-de.be",
            "name_servers": [
              "ns-1534.awsdns-63.org",
              "ns-1601.awsdns-08.co.uk",
              "ns-450.awsdns-56.com",
              "ns-680.awsdns-21.net"
            ],
            "primary_name_server": "ns-1601.awsdns-08.co.uk",
            "tags": {
              "Environment": "dev"
            },
            "tags_all": {
              "Environment": "dev"
            },
            "timeouts": null,
            "vpc": [],
            "zone_id": "Z10162312VF6J25LL8OQ6"
          },
          "sensitive_attributes": [],
          "identity_schema_version": 0,
          "private": "eyJlMmJmYjczMC1lY2FhLTExZTYtOGY4OC0zNDM2M2JjN2M0YzAiOnsiY3JlYXRlIjoxODAwMDAwMDAwMDAwLCJkZWxldGUiOjE4MDAwMDAwMDAwMDAsInVwZGF0ZSI6MTgwMDAwMDAwMDAwMH19"
        }
      ]
    },
    {
      "mode": "managed",
      "type": "aws_security_group",
      "name": "alb_sg",
      "provider": "provider[\"registry.terraform.io/hashicorp/aws\"]",
      "instances": [
        {
          "schema_version": 1,
          "attributes": {
            "arn": "arn:aws:ec2:eu-west-3:749957794341:security-group/sg-0378f5b8e9e9c4a6a",
            "description": "Allow HTTPS and HTTP to ALB",
            "egress": [
              {
                "cidr_blocks": [
                  "0.0.0.0/0"
                ],
                "description": "",
                "from_port": 0,
                "ipv6_cidr_blocks": [],
                "prefix_list_ids": [],
                "protocol": "-1",
                "security_groups": [],
                "self": false,
                "to_port": 0
              }
            ],
            "id": "sg-0378f5b8e9e9c4a6a",
            "ingress": [
              {
                "cidr_blocks": [
                  "0.0.0.0/0"
                ],
                "description": "",
                "from_port": 443,
                "ipv6_cidr_blocks": [],
                "prefix_list_ids": [],
                "protocol": "tcp",
                "security_groups": [],
                "self": false,
                "to_port": 443
              },
              {
                "cidr_blocks": [
                  "0.0.0.0/0"
                ],
                "description": "",
                "from_port": 80,
                "ipv6_cidr_blocks": [],
                "prefix_list_ids": [],
                "protocol": "tcp",
                "security_groups": [],
                "self": false,
                "to_port": 80
              }
            ],
            "name": "pilots-alb-sg",
            "name_prefix": "",
            "owner_id": "749957794341",
            "region": "eu-west-3",
            "revoke_rules_on_delete": false,
            "tags": null,
            "tags_all": {},
            "timeouts": null,
            "vpc_id": "vpc-0556cc42ac2b13ebc"
          },
          "sensitive_attributes": [],
          "identity_schema_version": 0,
          "identity": {
            "account_id": "749957794341",
            "id": "sg-0378f5b8e9e9c4a6a",
            "region": "eu-west-3"
          },
          "private": "eyJlMmJmYjczMC1lY2FhLTExZTYtOGY4OC0zNDM2M2JjN2M0YzAiOnsiY3JlYXRlIjo2MDAwMDAwMDAwMDAsImRlbGV0ZSI6OTAwMDAwMDAwMDAwfSwic2NoZW1hX3ZlcnNpb24iOiIxIn0=",
          "dependencies": [
            "data.aws_vpc.default"
          ]
        }
      ]
    },
    {
      "mode": "managed",
      "type": "aws_security_group",
      "name": "ecs_tasks_sg",
      "provider": "provider[\"registry.terraform.io/hashicorp/aws\"]",
      "instances": [
        {
          "schema_version": 1,
          "attributes": {
            "arn": "arn:aws:ec2:eu-west-3:749957794341:security-group/sg-0092ec792685d6676",
            "description": "Allow traffic from ALB to ECS services",
            "egress": [
              {
                "cidr_blocks": [
                  "0.0.0.0/0"
                ],
                "description": "",
                "from_port": 0,
                "ipv6_cidr_blocks": [],
                "prefix_list_ids": [],
                "protocol": "-1",
                "security_groups": [],
                "self": false,
                "to_port": 0
              }
            ],
            "id": "sg-0092ec792685d6676",
            "ingress": [
              {
                "cidr_blocks": [],
                "description": "",
                "from_port": 0,
                "ipv6_cidr_blocks": [],
                "prefix_list_ids": [],
                "protocol": "tcp",
                "security_groups": [],
                "self": true,
                "to_port": 65535
              },
              {
                "cidr_blocks": [],
                "description": "",
                "from_port": 19194,
                "ipv6_cidr_blocks": [],
                "prefix_list_ids": [],
                "protocol": "tcp",
                "security_groups": [
                  "sg-0378f5b8e9e9c4a6a"
                ],
                "self": false,
                "to_port": 19194
              },
              {
                "cidr_blocks": [],
                "description": "",
                "from_port": 38185,
                "ipv6_cidr_blocks": [],
                "prefix_list_ids": [],
                "protocol": "tcp",
                "security_groups": [
                  "sg-0378f5b8e9e9c4a6a"
                ],
                "self": false,
                "to_port": 38185
              },
              {
                "cidr_blocks": [],
                "description": "",
                "from_port": 7091,
                "ipv6_cidr_blocks": [],
                "prefix_list_ids": [],
                "protocol": "tcp",
                "security_groups": [
                  "sg-0378f5b8e9e9c4a6a"
                ],
                "self": false,
                "to_port": 7091
              },
              {
                "cidr_blocks": [],
                "description": "",
                "from_port": 7093,
                "ipv6_cidr_blocks": [],
                "prefix_list_ids": [],
                "protocol": "tcp",
                "security_groups": [
                  "sg-0378f5b8e9e9c4a6a"
                ],
                "self": false,
                "to_port": 7093
              },
              {
                "cidr_blocks": [],
                "description": "",
                "from_port": 80,
                "ipv6_cidr_blocks": [],
                "prefix_list_ids": [],
                "protocol": "tcp",
                "security_groups": [
                  "sg-0378f5b8e9e9c4a6a"
                ],
                "self": false,
                "to_port": 80
              },
              {
                "cidr_blocks": [],
                "description": "",
                "from_port": 9876,
                "ipv6_cidr_blocks": [],
                "prefix_list_ids": [],
                "protocol": "tcp",
                "security_groups": [
                  "sg-0378f5b8e9e9c4a6a"
                ],
                "self": false,
                "to_port": 9876
              }
            ],
            "name": "pilots-ecs-tasks-sg",
            "name_prefix": "",
            "owner_id": "749957794341",
            "region": "eu-west-3",
            "revoke_rules_on_delete": false,
            "tags": null,
            "tags_all": {},
            "timeouts": null,
            "vpc_id": "vpc-0556cc42ac2b13ebc"
          },
          "sensitive_attributes": [],
          "identity_schema_version": 0,
          "identity": {
            "account_id": "749957794341",
            "id": "sg-0092ec792685d6676",
            "region": "eu-west-3"
          },
          "private": "eyJlMmJmYjczMC1lY2FhLTExZTYtOGY4OC0zNDM2M2JjN2M0YzAiOnsiY3JlYXRlIjo2MDAwMDAwMDAwMDAsImRlbGV0ZSI6OTAwMDAwMDAwMDAwfSwic2NoZW1hX3ZlcnNpb24iOiIxIn0=",
          "dependencies": [
            "aws_security_group.alb_sg",
            "data.aws_vpc.default"
          ]
        }
      ]
    },
    {
      "mode": "managed",
      "type": "aws_security_group",
      "name": "efs_sg",
      "provider": "provider[\"registry.terraform.io/hashicorp/aws\"]",
      "instances": [
        {
          "schema_version": 1,
          "attributes": {
            "arn": "arn:aws:ec2:eu-west-3:749957794341:security-group/sg-0823821542bf539e4",
            "description": "Allow ECS tasks to mount EFS",
            "egress": [
              {
                "cidr_blocks": [
                  "0.0.0.0/0"
                ],
                "description": "",
                "from_port": 0,
                "ipv6_cidr_blocks": [],
                "prefix_list_ids": [],
                "protocol": "-1",
                "security_groups": [],
                "self": false,
                "to_port": 0
              }
            ],
            "id": "sg-0823821542bf539e4",
            "ingress": [
              {
                "cidr_blocks": [],
                "description": "",
                "from_port": 2049,
                "ipv6_cidr_blocks": [],
                "prefix_list_ids": [],
                "protocol": "tcp",
                "security_groups": [
                  "sg-0092ec792685d6676"
                ],
                "self": false,
                "to_port": 2049
              }
            ],
            "name": "pilots-efs-sg",
            "name_prefix": "",
            "owner_id": "749957794341",
            "region": "eu-west-3",
            "revoke_rules_on_delete": false,
            "tags": null,
            "tags_all": {},
            "timeouts": null,
            "vpc_id": "vpc-0556cc42ac2b13ebc"
          },
          "sensitive_attributes": [],
          "identity_schema_version": 0,
          "identity": {
            "account_id": "749957794341",
            "id": "sg-0823821542bf539e4",
            "region": "eu-west-3"
          },
          "private": "eyJlMmJmYjczMC1lY2FhLTExZTYtOGY4OC0zNDM2M2JjN2M0YzAiOnsiY3JlYXRlIjo2MDAwMDAwMDAwMDAsImRlbGV0ZSI6OTAwMDAwMDAwMDAwfSwic2NoZW1hX3ZlcnNpb24iOiIxIn0=",
          "dependencies": [
            "aws_security_group.alb_sg",
            "aws_security_group.ecs_tasks_sg",
            "data.aws_vpc.default"
          ]
        }
      ]
    },
    {
      "mode": "managed",
      "type": "aws_service_discovery_private_dns_namespace",
      "name": "pilots",
      "provider": "provider[\"registry.terraform.io/hashicorp/aws\"]",
      "instances": [
        {
          "schema_version": 0,
          "attributes": {
            "arn": "arn:aws:servicediscovery:eu-west-3:749957794341:namespace/ns-hidmzprco6lemwfh",
            "description": "",
            "hosted_zone": "Z09166833OXPLHNBPPKZI",
            "id": "ns-hidmzprco6lemwfh",
            "name": "pilots.internal",
            "region": "eu-west-3",
            "tags": null,
            "tags_all": {},
            "vpc": "vpc-0556cc42ac2b13ebc"
          },
          "sensitive_attributes": [],
          "identity_schema_version": 0,
          "private": "bnVsbA==",
          "dependencies": [
            "data.aws_vpc.default"
          ]
        }
      ]
    },
    {
      "mode": "managed",
      "type": "aws_service_discovery_service",
      "name": "services",
      "provider": "provider[\"registry.terraform.io/hashicorp/aws\"]",
      "instances": [
        {
          "index_key": "controlplane",
          "schema_version": 0,
          "attributes": {
            "arn": "arn:aws:servicediscovery:eu-west-3:749957794341:service/srv-uddfwq2mp5zwdpzl",
            "description": "",
            "dns_config": [
              {
                "dns_records": [
                  {
                    "ttl": 10,
                    "type": "A"
                  }
                ],
                "namespace_id": "ns-hidmzprco6lemwfh",
                "routing_policy": "MULTIVALUE"
              }
            ],
            "force_destroy": false,
            "health_check_config": [],
            "health_check_custom_config": [],
            "id": "srv-uddfwq2mp5zwdpzl",
            "name": "controlplane",
            "namespace_id": "ns-hidmzprco6lemwfh",
            "region": "eu-west-3",
            "tags": null,
            "tags_all": {},
            "type": "DNS_HTTP"
          },
          "sensitive_attributes": [],
          "identity_schema_version": 0,
          "private": "bnVsbA==",
          "dependencies": [
            "aws_service_discovery_private_dns_namespace.pilots",
            "data.aws_vpc.default"
          ]
        },
        {
          "index_key": "dashboard",
          "schema_version": 0,
          "attributes": {
            "arn": "arn:aws:servicediscovery:eu-west-3:749957794341:service/srv-y76uezlbjlqjtebt",
            "description": "",
            "dns_config": [
              {
                "dns_records": [
                  {
                    "ttl": 10,
                    "type": "A"
                  }
                ],
                "namespace_id": "ns-hidmzprco6lemwfh",
                "routing_policy": "MULTIVALUE"
              }
            ],
            "force_destroy": false,
            "health_check_config": [],
            "health_check_custom_config": [],
            "id": "srv-y76uezlbjlqjtebt",
            "name": "dashboard",
            "namespace_id": "ns-hidmzprco6lemwfh",
            "region": "eu-west-3",
            "tags": null,
            "tags_all": {},
            "type": "DNS_HTTP"
          },
          "sensitive_attributes": [],
          "identity_schema_version": 0,
          "private": "bnVsbA==",
          "dependencies": [
            "aws_service_discovery_private_dns_namespace.pilots",
            "data.aws_vpc.default"
          ]
        },
        {
          "index_key": "dataplane",
          "schema_version": 0,
          "attributes": {
            "arn": "arn:aws:servicediscovery:eu-west-3:749957794341:service/srv-i267d4xmi5wwjssu",
            "description": "",
            "dns_config": [
              {
                "dns_records": [
                  {
                    "ttl": 10,
                    "type": "A"
                  }
                ],
                "namespace_id": "ns-hidmzprco6lemwfh",
                "routing_policy": "MULTIVALUE"
              }
            ],
            "force_destroy": false,
            "health_check_config": [],
            "health_check_custom_config": [],
            "id": "srv-i267d4xmi5wwjssu",
            "name": "dataplane",
            "namespace_id": "ns-hidmzprco6lemwfh",
            "region": "eu-west-3",
            "tags": null,
            "tags_all": {},
            "type": "DNS_HTTP"
          },
          "sensitive_attributes": [],
          "identity_schema_version": 0,
          "private": "bnVsbA==",
          "dependencies": [
            "aws_service_discovery_private_dns_namespace.pilots",
            "data.aws_vpc.default"
          ]
        },
        {
          "index_key": "did-server",
          "schema_version": 0,
          "attributes": {
            "arn": "arn:aws:servicediscovery:eu-west-3:749957794341:service/srv-udmdo6rhvxclse4x",
            "description": "",
            "dns_config": [
              {
                "dns_records": [
                  {
                    "ttl": 10,
                    "type": "A"
                  }
                ],
                "namespace_id": "ns-hidmzprco6lemwfh",
                "routing_policy": "MULTIVALUE"
              }
            ],
            "force_destroy": false,
            "health_check_config": [],
            "health_check_custom_config": [],
            "id": "srv-udmdo6rhvxclse4x",
            "name": "did-server",
            "namespace_id": "ns-hidmzprco6lemwfh",
            "region": "eu-west-3",
            "tags": null,
            "tags_all": {},
            "type": "DNS_HTTP"
          },
          "sensitive_attributes": [],
          "identity_schema_version": 0,
          "private": "bnVsbA==",
          "dependencies": [
            "aws_service_discovery_private_dns_namespace.pilots",
            "data.aws_vpc.default"
          ]
        },
        {
          "index_key": "identityhub",
          "schema_version": 0,
          "attributes": {
            "arn": "arn:aws:servicediscovery:eu-west-3:749957794341:service/srv-wt6y2aorfomw3wq7",
            "description": "",
            "dns_config": [
              {
                "dns_records": [
                  {
                    "ttl": 10,
                    "type": "A"
                  }
                ],
                "namespace_id": "ns-hidmzprco6lemwfh",
                "routing_policy": "MULTIVALUE"
              }
            ],
            "force_destroy": false,
            "health_check_config": [],
            "health_check_custom_config": [],
            "id": "srv-wt6y2aorfomw3wq7",
            "name": "identityhub",
            "namespace_id": "ns-hidmzprco6lemwfh",
            "region": "eu-west-3",
            "tags": null,
            "tags_all": {},
            "type": "DNS_HTTP"
          },
          "sensitive_attributes": [],
          "identity_schema_version": 0,
          "private": "bnVsbA==",
          "dependencies": [
            "aws_service_discovery_private_dns_namespace.pilots",
            "data.aws_vpc.default"
          ]
        },
        {
          "index_key": "postgres",
          "schema_version": 0,
          "attributes": {
            "arn": "arn:aws:servicediscovery:eu-west-3:749957794341:service/srv-rsp23gsrw7fdt4r6",
            "description": "",
            "dns_config": [
              {
                "dns_records": [
                  {
                    "ttl": 10,
                    "type": "A"
                  }
                ],
                "namespace_id": "ns-hidmzprco6lemwfh",
                "routing_policy": "MULTIVALUE"
              }
            ],
            "force_destroy": false,
            "health_check_config": [],
            "health_check_custom_config": [],
            "id": "srv-rsp23gsrw7fdt4r6",
            "name": "postgres",
            "namespace_id": "ns-hidmzprco6lemwfh",
            "region": "eu-west-3",
            "tags": null,
            "tags_all": {},
            "type": "DNS_HTTP"
          },
          "sensitive_attributes": [],
          "identity_schema_version": 0,
          "private": "bnVsbA==",
          "dependencies": [
            "aws_service_discovery_private_dns_namespace.pilots",
            "data.aws_vpc.default"
          ]
        },
        {
          "index_key": "vault",
          "schema_version": 0,
          "attributes": {
            "arn": "arn:aws:servicediscovery:eu-west-3:749957794341:service/srv-3a6jdbug7wundwyo",
            "description": "",
            "dns_config": [
              {
                "dns_records": [
                  {
                    "ttl": 10,
                    "type": "A"
                  }
                ],
                "namespace_id": "ns-hidmzprco6lemwfh",
                "routing_policy": "MULTIVALUE"
              }
            ],
            "force_destroy": false,
            "health_check_config": [],
            "health_check_custom_config": [],
            "id": "srv-3a6jdbug7wundwyo",
            "name": "vault",
            "namespace_id": "ns-hidmzprco6lemwfh",
            "region": "eu-west-3",
            "tags": null,
            "tags_all": {},
            "type": "DNS_HTTP"
          },
          "sensitive_attributes": [],
          "identity_schema_version": 0,
          "private": "bnVsbA==",
          "dependencies": [
            "aws_service_discovery_private_dns_namespace.pilots",
            "data.aws_vpc.default"
          ]
        }
      ]
    }
  ],
  "check_results": null
}
